
Microsoft Visual Studio Solution File, Format Version 12.00
# Visual Studio 14
VisualStudioVersion = 14.0.25420.1
MinimumVisualStudioVersion = 10.0.40219.1
Project("{FAE04EC0-301F-11D3-BF4B-00C04F79EFBC}") = "RateCalculator.UI.Console", "RateCalculator.UI.Console\RateCalculator.UI.Console.csproj", "{98F5674F-E4F2-43F4-BD97-B5218E7408AD}"
EndProject
Project("{FAE04EC0-301F-11D3-BF4B-00C04F79EFBC}") = "RateCalculator.Model", "RateCalculator.Model\RateCalculator.Model.csproj", "{F3FF6D38-80C6-463B-A7FD-7FA9A3FE29FD}"
EndProject
Project("{FAE04EC0-301F-11D3-BF4B-00C04F79EFBC}") = "RateCalculator.Client", "RateCalculator.Client\RateCalculator.Client.csproj", "{AC42642B-AAEB-41FD-A8D0-9EEB9C7048E3}"
EndProject
Project("{FAE04EC0-301F-11D3-BF4B-00C04F79EFBC}") = "RateCalculator.Test", "RateCalculator.Test\RateCalculator.Test.csproj", "{6B6C06B2-282B-4E07-87D9-B77EB678305E}"
EndProject
Global
	GlobalSection(SolutionConfigurationPlatforms) = preSolution
		Debug|Any CPU = Debug|Any CPU
		Release|Any CPU = Release|Any CPU
	EndGlobalSection
	GlobalSection(ProjectConfigurationPlatforms) = postSolution
		{98F5674F-E4F2-43F4-BD97-B5218E7408AD}.Debug|Any CPU.ActiveCfg = Debug|Any CPU
		{98F5674F-E4F2-43F4-BD97-B5218E7408AD}.Debug|Any CPU.Build.0 = Debug|Any CPU
		{98F5674F-E4F2-43F4-BD97-B5218E7408AD}.Release|Any CPU.ActiveCfg = Release|Any CPU
		{98F5674F-E4F2-43F4-BD97-B5218E7408AD}.Release|Any CPU.Build.0 = Release|Any CPU
		{F3FF6D38-80C6-463B-A7FD-7FA9A3FE29FD}.Debug|Any CPU.ActiveCfg = Debug|Any CPU
		{F3FF6D38-80C6-463B-A7FD-7FA9A3FE29FD}.Debug|Any CPU.Build.0 = Debug|Any CPU
		{F3FF6D38-80C6-463B-A7FD-7FA9A3FE29FD}.Release|Any CPU.ActiveCfg = Release|Any CPU
		{F3FF6D38-80C6-463B-A7FD-7FA9A3FE29FD}.Release|Any CPU.Build.0 = Release|Any CPU
		{AC42642B-AAEB-41FD-A8D0-9EEB9C7048E3}.Debug|Any CPU.ActiveCfg = Debug|Any CPU
		{AC42642B-AAEB-41FD-A8D0-9EEB9C7048E3}.Debug|Any CPU.Build.0 = Debug|Any CPU
		{AC42642B-AAEB-41FD-A8D0-9EEB9C7048E3}.Release|Any CPU.ActiveCfg = Release|Any CPU
		{AC42642B-AAEB-41FD-A8D0-9EEB9C7048E3}.Release|Any CPU.Build.0 = Release|Any CPU
		{6B6C06B2-282B-4E07-87D9-B77EB678305E}.Debug|Any CPU.ActiveCfg = Debug|Any CPU
		{6B6C06B2-282B-4E07-87D9-B77EB678305E}.Debug|Any CPU.Build.0 = Debug|Any CPU
		{6B6C06B2-282B-4E07-87D9-B77EB678305E}.Release|Any CPU.ActiveCfg = Release|Any CPU
		{6B6C06B2-282B-4E07-87D9-B77EB678305E}.Release|Any CPU.Build.0 = Release|Any CPU
	EndGlobalSection
	GlobalSection(SolutionProperties) = preSolution
		HideSolutionNode = FALSE
	EndGlobalSection
EndGlobal
